
Microsoft Visual Studio Solution File, Format Version 12.00
# Visual Studio Version 17
VisualStudioVersion = 17.3.32922.545
MinimumVisualStudioVersion = 10.0.40219.1
Project("{FAE04EC0-301F-11D3-BF4B-00C04F79EFBC}") = "generateGaussian", "generateGaussian\generateGaussian.csproj", "{6602D408-596C-49A4-B793-FC0868CEAC2C}"
EndProject
Global
	GlobalSection(SolutionConfigurationPlatforms) = preSolution
		Debug|Any CPU = Debug|Any CPU
		Release|Any CPU = Release|Any CPU
	EndGlobalSection
	GlobalSection(ProjectConfigurationPlatforms) = postSolution
		{6602D408-596C-49A4-B793-FC0868CEAC2C}.Debug|Any CPU.ActiveCfg = Debug|Any CPU
		{6602D408-596C-49A4-B793-FC0868CEAC2C}.Debug|Any CPU.Build.0 = Debug|Any CPU
		{6602D408-596C-49A4-B793-FC0868CEAC2C}.Release|Any CPU.ActiveCfg = Release|Any CPU
		{6602D408-596C-49A4-B793-FC0868CEAC2C}.Release|Any CPU.Build.0 = Release|Any CPU
	EndGlobalSection
	GlobalSection(SolutionProperties) = preSolution
		HideSolutionNode = FALSE
	EndGlobalSection
	GlobalSection(ExtensibilityGlobals) = postSolution
		SolutionGuid = {3CDF43C0-D4AA-47F3-BA71-9EBB8F444B68}
	EndGlobalSection
EndGlobal
